<Solution>
  <Folder Name="/mcp/">
    <Project Path="mcp-server-https/VeteriLach.McpServer.Https.csproj" />
    <Project Path="mcp-server-stdio/VeteriLach.McpServer.Stdio.csproj" />
  </Folder>
  <Folder Name="/src/">
    <Project Path="src/VeteriLach.ReadApi/VeteriLach.ReadApi.csproj" />
  </Folder>
</Solution>
